
Microsoft Visual Studio Solution File, Format Version 12.00
# Visual Studio Version 16
VisualStudioVersion = 16.0.29721.120
MinimumVisualStudioVersion = 10.0.40219.1
Project("{9A19103F-16F7-4668-BE54-9A1E7A4F7556}") = "Taxi.Common", "Taxi.Common\Taxi.Common.csproj", "{BF868466-35CF-4980-8820-216F09C27837}"
EndProject
Project("{9A19103F-16F7-4668-BE54-9A1E7A4F7556}") = "Taxi.Web", "Taxi.Web\Taxi.Web.csproj", "{B57E211F-0B81-4C83-8F74-D3C258F87A13}"
EndProject
Project("{FAE04EC0-301F-11D3-BF4B-00C04F79EFBC}") = "Taxi.Prism", "Taxi.Prism\Taxi.Prism\Taxi.Prism.csproj", "{E96898EC-7293-47D0-AE46-120D9D4C91C3}"
EndProject
Project("{FAE04EC0-301F-11D3-BF4B-00C04F79EFBC}") = "Taxi.Prism.Android", "Taxi.Prism\Taxi.Prism.Android\Taxi.Prism.Android.csproj", "{00A749EE-0F65-4D86-B3DC-E0D92CB7D5DE}"
EndProject
Project("{FAE04EC0-301F-11D3-BF4B-00C04F79EFBC}") = "Taxi.Prism.iOS", "Taxi.Prism\Taxi.Prism.iOS\Taxi.Prism.iOS.csproj", "{84FD20CD-5D45-44D1-9975-8769018EDB72}"
EndProject
Project("{FAE04EC0-301F-11D3-BF4B-00C04F79EFBC}") = "Taxi.Cross.Android", "Taxi.Cross.Android\Taxi.Cross.Android.csproj", "{1A02210F-7E7E-4A46-A25A-4E21F6CE6C26}"
EndProject
Global
	GlobalSection(SolutionConfigurationPlatforms) = preSolution
		Ad-Hoc|Any CPU = Ad-Hoc|Any CPU
		Ad-Hoc|iPhone = Ad-Hoc|iPhone
		Ad-Hoc|iPhoneSimulator = Ad-Hoc|iPhoneSimulator
		AppStore|Any CPU = AppStore|Any CPU
		AppStore|iPhone = AppStore|iPhone
		AppStore|iPhoneSimulator = AppStore|iPhoneSimulator
		Debug|Any CPU = Debug|Any CPU
		Debug|iPhone = Debug|iPhone
		Debug|iPhoneSimulator = Debug|iPhoneSimulator
		Release|Any CPU = Release|Any CPU
		Release|iPhone = Release|iPhone
		Release|iPhoneSimulator = Release|iPhoneSimulator
	EndGlobalSection
	GlobalSection(ProjectConfigurationPlatforms) = postSolution
		{BF868466-35CF-4980-8820-216F09C27837}.Ad-Hoc|Any CPU.ActiveCfg = Release|Any CPU
		{BF868466-35CF-4980-8820-216F09C27837}.Ad-Hoc|Any CPU.Build.0 = Release|Any CPU
		{BF868466-35CF-4980-8820-216F09C27837}.Ad-Hoc|iPhone.ActiveCfg = Release|Any CPU
		{BF868466-35CF-4980-8820-216F09C27837}.Ad-Hoc|iPhone.Build.0 = Release|Any CPU
		{BF868466-35CF-4980-8820-216F09C27837}.Ad-Hoc|iPhoneSimulator.ActiveCfg = Release|Any CPU
		{BF868466-35CF-4980-8820-216F09C27837}.Ad-Hoc|iPhoneSimulator.Build.0 = Release|Any CPU
		{BF868466-35CF-4980-8820-216F09C27837}.AppStore|Any CPU.ActiveCfg = Release|Any CPU
		{BF868466-35CF-4980-8820-216F09C27837}.AppStore|Any CPU.Build.0 = Release|Any CPU
		{BF868466-35CF-4980-8820-216F09C27837}.AppStore|iPhone.ActiveCfg = Release|Any CPU
		{BF868466-35CF-4980-8820-216F09C27837}.AppStore|iPhone.Build.0 = Release|Any CPU
		{BF868466-35CF-4980-8820-216F09C27837}.AppStore|iPhoneSimulator.ActiveCfg = Release|Any CPU
		{BF868466-35CF-4980-8820-216F09C27837}.AppStore|iPhoneSimulator.Build.0 = Release|Any CPU
		{BF868466-35CF-4980-8820-216F09C27837}.Debug|Any CPU.ActiveCfg = Debug|Any CPU
		{BF868466-35CF-4980-8820-216F09C27837}.Debug|Any CPU.Build.0 = Debug|Any CPU
		{BF868466-35CF-4980-8820-216F09C27837}.Debug|iPhone.ActiveCfg = Debug|Any CPU
		{BF868466-35CF-4980-8820-216F09C27837}.Debug|iPhone.Build.0 = Debug|Any CPU
		{BF868466-35CF-4980-8820-216F09C27837}.Debug|iPhoneSimulator.ActiveCfg = Debug|Any CPU
		{BF868466-35CF-4980-8820-216F09C27837}.Debug|iPhoneSimulator.Build.0 = Debug|Any CPU
		{BF868466-35CF-4980-8820-216F09C27837}.Release|Any CPU.ActiveCfg = Release|Any CPU
		{BF868466-35CF-4980-8820-216F09C27837}.Release|Any CPU.Build.0 = Release|Any CPU
		{BF868466-35CF-4980-8820-216F09C27837}.Release|iPhone.ActiveCfg = Release|Any CPU
		{BF868466-35CF-4980-8820-216F09C27837}.Release|iPhone.Build.0 = Release|Any CPU
		{BF868466-35CF-4980-8820-216F09C27837}.Release|iPhoneSimulator.ActiveCfg = Release|Any CPU
		{BF868466-35CF-4980-8820-216F09C27837}.Release|iPhoneSimulator.Build.0 = Release|Any CPU
		{B57E211F-0B81-4C83-8F74-D3C258F87A13}.Ad-Hoc|Any CPU.ActiveCfg = Release|Any CPU
		{B57E211F-0B81-4C83-8F74-D3C258F87A13}.Ad-Hoc|Any CPU.Build.0 = Release|Any CPU
		{B57E211F-0B81-4C83-8F74-D3C258F87A13}.Ad-Hoc|iPhone.ActiveCfg = Release|Any CPU
		{B57E211F-0B81-4C83-8F74-D3C258F87A13}.Ad-Hoc|iPhone.Build.0 = Release|Any CPU
		{B57E211F-0B81-4C83-8F74-D3C258F87A13}.Ad-Hoc|iPhoneSimulator.ActiveCfg = Release|Any CPU
		{B57E211F-0B81-4C83-8F74-D3C258F87A13}.Ad-Hoc|iPhoneSimulator.Build.0 = Release|Any CPU
		{B57E211F-0B81-4C83-8F74-D3C258F87A13}.AppStore|Any CPU.ActiveCfg = Release|Any CPU
		{B57E211F-0B81-4C83-8F74-D3C258F87A13}.AppStore|Any CPU.Build.0 = Release|Any CPU
		{B57E211F-0B81-4C83-8F74-D3C258F87A13}.AppStore|iPhone.ActiveCfg = Release|Any CPU
		{B57E211F-0B81-4C83-8F74-D3C258F87A13}.AppStore|iPhone.Build.0 = Release|Any CPU
		{B57E211F-0B81-4C83-8F74-D3C258F87A13}.AppStore|iPhoneSimulator.ActiveCfg = Release|Any CPU
		{B57E211F-0B81-4C83-8F74-D3C258F87A13}.AppStore|iPhoneSimulator.Build.0 = Release|Any CPU
		{B57E211F-0B81-4C83-8F74-D3C258F87A13}.Debug|Any CPU.ActiveCfg = Debug|Any CPU
		{B57E211F-0B81-4C83-8F74-D3C258F87A13}.Debug|Any CPU.Build.0 = Debug|Any CPU
		{B57E211F-0B81-4C83-8F74-D3C258F87A13}.Debug|iPhone.ActiveCfg = Debug|Any CPU
		{B57E211F-0B81-4C83-8F74-D3C258F87A13}.Debug|iPhone.Build.0 = Debug|Any CPU
		{B57E211F-0B81-4C83-8F74-D3C258F87A13}.Debug|iPhoneSimulator.ActiveCfg = Debug|Any CPU
		{B57E211F-0B81-4C83-8F74-D3C258F87A13}.Debug|iPhoneSimulator.Build.0 = Debug|Any CPU
		{B57E211F-0B81-4C83-8F74-D3C258F87A13}.Release|Any CPU.ActiveCfg = Release|Any CPU
		{B57E211F-0B81-4C83-8F74-D3C258F87A13}.Release|Any CPU.Build.0 = Release|Any CPU
		{B57E211F-0B81-4C83-8F74-D3C258F87A13}.Release|iPhone.ActiveCfg = Release|Any CPU
		{B57E211F-0B81-4C83-8F74-D3C258F87A13}.Release|iPhone.Build.0 = Release|Any CPU
		{B57E211F-0B81-4C83-8F74-D3C258F87A13}.Release|iPhoneSimulator.ActiveCfg = Release|Any CPU
		{B57E211F-0B81-4C83-8F74-D3C258F87A13}.Release|iPhoneSimulator.Build.0 = Release|Any CPU
		{E96898EC-7293-47D0-AE46-120D9D4C91C3}.Ad-Hoc|Any CPU.ActiveCfg = Debug|Any CPU
		{E96898EC-7293-47D0-AE46-120D9D4C91C3}.Ad-Hoc|Any CPU.Build.0 = Debug|Any CPU
		{E96898EC-7293-47D0-AE46-120D9D4C91C3}.Ad-Hoc|iPhone.ActiveCfg = Debug|Any CPU
		{E96898EC-7293-47D0-AE46-120D9D4C91C3}.Ad-Hoc|iPhone.Build.0 = Debug|Any CPU
		{E96898EC-7293-47D0-AE46-120D9D4C91C3}.Ad-Hoc|iPhoneSimulator.ActiveCfg = Debug|Any CPU
		{E96898EC-7293-47D0-AE46-120D9D4C91C3}.Ad-Hoc|iPhoneSimulator.Build.0 = Debug|Any CPU
		{E96898EC-7293-47D0-AE46-120D9D4C91C3}.AppStore|Any CPU.ActiveCfg = Debug|Any CPU
		{E96898EC-7293-47D0-AE46-120D9D4C91C3}.AppStore|Any CPU.Build.0 = Debug|Any CPU
		{E96898EC-7293-47D0-AE46-120D9D4C91C3}.AppStore|iPhone.ActiveCfg = Debug|Any CPU
		{E96898EC-7293-47D0-AE46-120D9D4C91C3}.AppStore|iPhone.Build.0 = Debug|Any CPU
		{E96898EC-7293-47D0-AE46-120D9D4C91C3}.AppStore|iPhoneSimulator.ActiveCfg = Debug|Any CPU
		{E96898EC-7293-47D0-AE46-120D9D4C91C3}.AppStore|iPhoneSimulator.Build.0 = Debug|Any CPU
		{E96898EC-7293-47D0-AE46-120D9D4C91C3}.Debug|Any CPU.ActiveCfg = Debug|Any CPU
		{E96898EC-7293-47D0-AE46-120D9D4C91C3}.Debug|Any CPU.Build.0 = Debug|Any CPU
		{E96898EC-7293-47D0-AE46-120D9D4C91C3}.Debug|iPhone.ActiveCfg = Debug|Any CPU
		{E96898EC-7293-47D0-AE46-120D9D4C91C3}.Debug|iPhone.Build.0 = Debug|Any CPU
		{E96898EC-7293-47D0-AE46-120D9D4C91C3}.Debug|iPhoneSimulator.ActiveCfg = Debug|Any CPU
		{E96898EC-7293-47D0-AE46-120D9D4C91C3}.Debug|iPhoneSimulator.Build.0 = Debug|Any CPU
		{E96898EC-7293-47D0-AE46-120D9D4C91C3}.Release|Any CPU.ActiveCfg = Release|Any CPU
		{E96898EC-7293-47D0-AE46-120D9D4C91C3}.Release|Any CPU.Build.0 = Release|Any CPU
		{E96898EC-7293-47D0-AE46-120D9D4C91C3}.Release|iPhone.ActiveCfg = Release|Any CPU
		{E96898EC-7293-47D0-AE46-120D9D4C91C3}.Release|iPhone.Build.0 = Release|Any CPU
		{E96898EC-7293-47D0-AE46-120D9D4C91C3}.Release|iPhoneSimulator.ActiveCfg = Release|Any CPU
		{E96898EC-7293-47D0-AE46-120D9D4C91C3}.Release|iPhoneSimulator.Build.0 = Release|Any CPU
		{00A749EE-0F65-4D86-B3DC-E0D92CB7D5DE}.Ad-Hoc|Any CPU.ActiveCfg = Release|Any CPU
		{00A749EE-0F65-4D86-B3DC-E0D92CB7D5DE}.Ad-Hoc|Any CPU.Build.0 = Release|Any CPU
		{00A749EE-0F65-4D86-B3DC-E0D92CB7D5DE}.Ad-Hoc|Any CPU.Deploy.0 = Release|Any CPU
		{00A749EE-0F65-4D86-B3DC-E0D92CB7D5DE}.Ad-Hoc|iPhone.ActiveCfg = Release|Any CPU
		{00A749EE-0F65-4D86-B3DC-E0D92CB7D5DE}.Ad-Hoc|iPhone.Build.0 = Release|Any CPU
		{00A749EE-0F65-4D86-B3DC-E0D92CB7D5DE}.Ad-Hoc|iPhone.Deploy.0 = Release|Any CPU
		{00A749EE-0F65-4D86-B3DC-E0D92CB7D5DE}.Ad-Hoc|iPhoneSimulator.ActiveCfg = Release|Any CPU
		{00A749EE-0F65-4D86-B3DC-E0D92CB7D5DE}.Ad-Hoc|iPhoneSimulator.Build.0 = Release|Any CPU
		{00A749EE-0F65-4D86-B3DC-E0D92CB7D5DE}.Ad-Hoc|iPhoneSimulator.Deploy.0 = Release|Any CPU
		{00A749EE-0F65-4D86-B3DC-E0D92CB7D5DE}.AppStore|Any CPU.ActiveCfg = Release|Any CPU
		{00A749EE-0F65-4D86-B3DC-E0D92CB7D5DE}.AppStore|Any CPU.Build.0 = Release|Any CPU
		{00A749EE-0F65-4D86-B3DC-E0D92CB7D5DE}.AppStore|Any CPU.Deploy.0 = Release|Any CPU
		{00A749EE-0F65-4D86-B3DC-E0D92CB7D5DE}.AppStore|iPhone.ActiveCfg = Release|Any CPU
		{00A749EE-0F65-4D86-B3DC-E0D92CB7D5DE}.AppStore|iPhone.Build.0 = Release|Any CPU
		{00A749EE-0F65-4D86-B3DC-E0D92CB7D5DE}.AppStore|iPhone.Deploy.0 = Release|Any CPU
		{00A749EE-0F65-4D86-B3DC-E0D92CB7D5DE}.AppStore|iPhoneSimulator.ActiveCfg = Release|Any CPU
		{00A749EE-0F65-4D86-B3DC-E0D92CB7D5DE}.AppStore|iPhoneSimulator.Build.0 = Release|Any CPU
		{00A749EE-0F65-4D86-B3DC-E0D92CB7D5DE}.AppStore|iPhoneSimulator.Deploy.0 = Release|Any CPU
		{00A749EE-0F65-4D86-B3DC-E0D92CB7D5DE}.Debug|Any CPU.ActiveCfg = Debug|Any CPU
		{00A749EE-0F65-4D86-B3DC-E0D92CB7D5DE}.Debug|Any CPU.Build.0 = Debug|Any CPU
		{00A749EE-0F65-4D86-B3DC-E0D92CB7D5DE}.Debug|Any CPU.Deploy.0 = Debug|Any CPU
		{00A749EE-0F65-4D86-B3DC-E0D92CB7D5DE}.Debug|iPhone.ActiveCfg = Debug|Any CPU
		{00A749EE-0F65-4D86-B3DC-E0D92CB7D5DE}.Debug|iPhone.Build.0 = Debug|Any CPU
		{00A749EE-0F65-4D86-B3DC-E0D92CB7D5DE}.Debug|iPhone.Deploy.0 = Debug|Any CPU
		{00A749EE-0F65-4D86-B3DC-E0D92CB7D5DE}.Debug|iPhoneSimulator.ActiveCfg = Debug|Any CPU
		{00A749EE-0F65-4D86-B3DC-E0D92CB7D5DE}.Debug|iPhoneSimulator.Build.0 = Debug|Any CPU
		{00A749EE-0F65-4D86-B3DC-E0D92CB7D5DE}.Debug|iPhoneSimulator.Deploy.0 = Debug|Any CPU
		{00A749EE-0F65-4D86-B3DC-E0D92CB7D5DE}.Release|Any CPU.ActiveCfg = Release|Any CPU
		{00A749EE-0F65-4D86-B3DC-E0D92CB7D5DE}.Release|Any CPU.Build.0 = Release|Any CPU
		{00A749EE-0F65-4D86-B3DC-E0D92CB7D5DE}.Release|Any CPU.Deploy.0 = Release|Any CPU
		{00A749EE-0F65-4D86-B3DC-E0D92CB7D5DE}.Release|iPhone.ActiveCfg = Release|Any CPU
		{00A749EE-0F65-4D86-B3DC-E0D92CB7D5DE}.Release|iPhone.Build.0 = Release|Any CPU
		{00A749EE-0F65-4D86-B3DC-E0D92CB7D5DE}.Release|iPhone.Deploy.0 = Release|Any CPU
		{00A749EE-0F65-4D86-B3DC-E0D92CB7D5DE}.Release|iPhoneSimulator.ActiveCfg = Release|Any CPU
		{00A749EE-0F65-4D86-B3DC-E0D92CB7D5DE}.Release|iPhoneSimulator.Build.0 = Release|Any CPU
		{00A749EE-0F65-4D86-B3DC-E0D92CB7D5DE}.Release|iPhoneSimulator.Deploy.0 = Release|Any CPU
		{84FD20CD-5D45-44D1-9975-8769018EDB72}.Ad-Hoc|Any CPU.ActiveCfg = Ad-Hoc|iPhone
		{84FD20CD-5D45-44D1-9975-8769018EDB72}.Ad-Hoc|iPhone.ActiveCfg = Ad-Hoc|iPhone
		{84FD20CD-5D45-44D1-9975-8769018EDB72}.Ad-Hoc|iPhone.Build.0 = Ad-Hoc|iPhone
		{84FD20CD-5D45-44D1-9975-8769018EDB72}.Ad-Hoc|iPhoneSimulator.ActiveCfg = Ad-Hoc|iPhoneSimulator
		{84FD20CD-5D45-44D1-9975-8769018EDB72}.Ad-Hoc|iPhoneSimulator.Build.0 = Ad-Hoc|iPhoneSimulator
		{84FD20CD-5D45-44D1-9975-8769018EDB72}.AppStore|Any CPU.ActiveCfg = AppStore|iPhone
		{84FD20CD-5D45-44D1-9975-8769018EDB72}.AppStore|iPhone.ActiveCfg = AppStore|iPhone
		{84FD20CD-5D45-44D1-9975-8769018EDB72}.AppStore|iPhone.Build.0 = AppStore|iPhone
		{84FD20CD-5D45-44D1-9975-8769018EDB72}.AppStore|iPhoneSimulator.ActiveCfg = AppStore|iPhoneSimulator
		{84FD20CD-5D45-44D1-9975-8769018EDB72}.AppStore|iPhoneSimulator.Build.0 = AppStore|iPhoneSimulator
		{84FD20CD-5D45-44D1-9975-8769018EDB72}.Debug|Any CPU.ActiveCfg = Debug|iPhone
		{84FD20CD-5D45-44D1-9975-8769018EDB72}.Debug|iPhone.ActiveCfg = Debug|iPhone
		{84FD20CD-5D45-44D1-9975-8769018EDB72}.Debug|iPhone.Build.0 = Debug|iPhone
		{84FD20CD-5D45-44D1-9975-8769018EDB72}.Debug|iPhoneSimulator.ActiveCfg = Debug|iPhoneSimulator
		{84FD20CD-5D45-44D1-9975-8769018EDB72}.Debug|iPhoneSimulator.Build.0 = Debug|iPhoneSimulator
		{84FD20CD-5D45-44D1-9975-8769018EDB72}.Release|Any CPU.ActiveCfg = Release|iPhone
		{84FD20CD-5D45-44D1-9975-8769018EDB72}.Release|iPhone.ActiveCfg = Release|iPhone
		{84FD20CD-5D45-44D1-9975-8769018EDB72}.Release|iPhone.Build.0 = Release|iPhone
		{84FD20CD-5D45-44D1-9975-8769018EDB72}.Release|iPhoneSimulator.ActiveCfg = Release|iPhoneSimulator
		{84FD20CD-5D45-44D1-9975-8769018EDB72}.Release|iPhoneSimulator.Build.0 = Release|iPhoneSimulator
		{1A02210F-7E7E-4A46-A25A-4E21F6CE6C26}.Ad-Hoc|Any CPU.ActiveCfg = Release|Any CPU
		{1A02210F-7E7E-4A46-A25A-4E21F6CE6C26}.Ad-Hoc|Any CPU.Build.0 = Release|Any CPU
		{1A02210F-7E7E-4A46-A25A-4E21F6CE6C26}.Ad-Hoc|Any CPU.Deploy.0 = Release|Any CPU
		{1A02210F-7E7E-4A46-A25A-4E21F6CE6C26}.Ad-Hoc|iPhone.ActiveCfg = Release|Any CPU
		{1A02210F-7E7E-4A46-A25A-4E21F6CE6C26}.Ad-Hoc|iPhone.Build.0 = Release|Any CPU
		{1A02210F-7E7E-4A46-A25A-4E21F6CE6C26}.Ad-Hoc|iPhone.Deploy.0 = Release|Any CPU
		{1A02210F-7E7E-4A46-A25A-4E21F6CE6C26}.Ad-Hoc|iPhoneSimulator.ActiveCfg = Release|Any CPU
		{1A02210F-7E7E-4A46-A25A-4E21F6CE6C26}.Ad-Hoc|iPhoneSimulator.Build.0 = Release|Any CPU
		{1A02210F-7E7E-4A46-A25A-4E21F6CE6C26}.Ad-Hoc|iPhoneSimulator.Deploy.0 = Release|Any CPU
		{1A02210F-7E7E-4A46-A25A-4E21F6CE6C26}.AppStore|Any CPU.ActiveCfg = Release|Any CPU
		{1A02210F-7E7E-4A46-A25A-4E21F6CE6C26}.AppStore|Any CPU.Build.0 = Release|Any CPU
		{1A02210F-7E7E-4A46-A25A-4E21F6CE6C26}.AppStore|Any CPU.Deploy.0 = Release|Any CPU
		{1A02210F-7E7E-4A46-A25A-4E21F6CE6C26}.AppStore|iPhone.ActiveCfg = Release|Any CPU
		{1A02210F-7E7E-4A46-A25A-4E21F6CE6C26}.AppStore|iPhone.Build.0 = Release|Any CPU
		{1A02210F-7E7E-4A46-A25A-4E21F6CE6C26}.AppStore|iPhone.Deploy.0 = Release|Any CPU
		{1A02210F-7E7E-4A46-A25A-4E21F6CE6C26}.AppStore|iPhoneSimulator.ActiveCfg = Release|Any CPU
		{1A02210F-7E7E-4A46-A25A-4E21F6CE6C26}.AppStore|iPhoneSimulator.Build.0 = Release|Any CPU
		{1A02210F-7E7E-4A46-A25A-4E21F6CE6C26}.AppStore|iPhoneSimulator.Deploy.0 = Release|Any CPU
		{1A02210F-7E7E-4A46-A25A-4E21F6CE6C26}.Debug|Any CPU.ActiveCfg = Debug|Any CPU
		{1A02210F-7E7E-4A46-A25A-4E21F6CE6C26}.Debug|Any CPU.Build.0 = Debug|Any CPU
		{1A02210F-7E7E-4A46-A25A-4E21F6CE6C26}.Debug|Any CPU.Deploy.0 = Debug|Any CPU
		{1A02210F-7E7E-4A46-A25A-4E21F6CE6C26}.Debug|iPhone.ActiveCfg = Debug|Any CPU
		{1A02210F-7E7E-4A46-A25A-4E21F6CE6C26}.Debug|iPhone.Build.0 = Debug|Any CPU
		{1A02210F-7E7E-4A46-A25A-4E21F6CE6C26}.Debug|iPhone.Deploy.0 = Debug|Any CPU
		{1A02210F-7E7E-4A46-A25A-4E21F6CE6C26}.Debug|iPhoneSimulator.ActiveCfg = Debug|Any CPU
		{1A02210F-7E7E-4A46-A25A-4E21F6CE6C26}.Debug|iPhoneSimulator.Build.0 = Debug|Any CPU
		{1A02210F-7E7E-4A46-A25A-4E21F6CE6C26}.Debug|iPhoneSimulator.Deploy.0 = Debug|Any CPU
		{1A02210F-7E7E-4A46-A25A-4E21F6CE6C26}.Release|Any CPU.ActiveCfg = Release|Any CPU
		{1A02210F-7E7E-4A46-A25A-4E21F6CE6C26}.Release|Any CPU.Build.0 = Release|Any CPU
		{1A02210F-7E7E-4A46-A25A-4E21F6CE6C26}.Release|Any CPU.Deploy.0 = Release|Any CPU
		{1A02210F-7E7E-4A46-A25A-4E21F6CE6C26}.Release|iPhone.ActiveCfg = Release|Any CPU
		{1A02210F-7E7E-4A46-A25A-4E21F6CE6C26}.Release|iPhone.Build.0 = Release|Any CPU
		{1A02210F-7E7E-4A46-A25A-4E21F6CE6C26}.Release|iPhone.Deploy.0 = Release|Any CPU
		{1A02210F-7E7E-4A46-A25A-4E21F6CE6C26}.Release|iPhoneSimulator.ActiveCfg = Release|Any CPU
		{1A02210F-7E7E-4A46-A25A-4E21F6CE6C26}.Release|iPhoneSimulator.Build.0 = Release|Any CPU
		{1A02210F-7E7E-4A46-A25A-4E21F6CE6C26}.Release|iPhoneSimulator.Deploy.0 = Release|Any CPU
	EndGlobalSection
	GlobalSection(SolutionProperties) = preSolution
		HideSolutionNode = FALSE
	EndGlobalSection
	GlobalSection(ExtensibilityGlobals) = postSolution
		SolutionGuid = {F55E2754-6FB1-4904-A1AC-E943F867C2CA}
	EndGlobalSection
EndGlobal
